{
  "_meta": {
    "hash": {
      "sha256": "057466350830781c1de69927508095900d6a2e307c5fd8a70d5214299a0a33ae"
    },
    "pipfile-spec": 6,
    "requires": {
      "python_version": "3.8"
    },
    "sources": [
      {
        "name": "pypi",
        "url": "https://pypi.org/simple",
        "verify_ssl": true
      }
    ]
  },
  "default": {
    "aiocron": {
      "hashes": [
        "sha256:48546513faf2eb7901e65a64eba7b653c80106ed00ed9ca3419c3d10b6555a01",
        "sha256:b6313214c311b62aa2220e872b94139b648631b3103d062ef29e5d3230ddce6d"
      ],
      "index": "pypi",
      "version": "==1.8"
    },
    "aiohttp": {
      "hashes": [
        "sha256:01d7bdb774a9acc838e6b8f1d114f45303841b89b95984cbb7d80ea41172a9e3",
        "sha256:03a6d5349c9ee8f79ab3ff3694d6ce1cfc3ced1c9d36200cb8f08ba06bd3b782",
        "sha256:04d48b8ce6ab3cf2097b1855e1505181bdd05586ca275f2505514a6e274e8e75",
        "sha256:0770e2806a30e744b4e21c9d73b7bee18a1cfa3c47991ee2e5a65b887c49d5cf",
        "sha256:07b05cd3305e8a73112103c834e91cd27ce5b4bd07850c4b4dbd1877d3f45be7",
        "sha256:086f92daf51a032d062ec5f58af5ca6a44d082c35299c96376a41cbb33034675",
        "sha256:099ebd2c37ac74cce10a3527d2b49af80243e2a4fa39e7bce41617fbc35fa3c1",
        "sha256:0c7ebbbde809ff4e970824b2b6cb7e4222be6b95a296e46c03cf050878fc1785",
        "sha256:102e487eeb82afac440581e5d7f8f44560b36cf0bdd11abc51a46c1cd88914d4",
        "sha256:11691cf4dc5b94236ccc609b70fec991234e7ef8d4c02dd0c9668d1e486f5abf",
        "sha256:11a67c0d562e07067c4e86bffc1553f2cf5b664d6111c894671b2b8712f3aba5",
        "sha256:12de6add4038df8f72fac606dff775791a60f113a725c960f2bab01d8b8e6b15",
        "sha256:13487abd2f761d4be7c8ff9080de2671e53fff69711d46de703c310c4c9317ca",
        "sha256:15b09b06dae900777833fe7fc4b4aa426556ce95847a3e8d7548e2d19e34edb8",
        "sha256:1c182cb873bc91b411e184dab7a2b664d4fea2743df0e4d57402f7f3fa644bac",
        "sha256:1ed0b6477896559f17b9eaeb6d38e07f7f9ffe40b9f0f9627ae8b9926ae260a8",
        "sha256:28d490af82bc6b7ce53ff31337a18a10498303fe66f701ab65ef27e143c3b0ef",
        "sha256:2e5d962cf7e1d426aa0e528a7e198658cdc8aa4fe87f781d039ad75dcd52c516",
        "sha256:2ed076098b171573161eb146afcb9129b5ff63308960aeca4b676d9d3c35e700",
        "sha256:2f2f69dca064926e79997f45b2f34e202b320fd3782f17a91941f7eb85502ee2",
        "sha256:31560d268ff62143e92423ef183680b9829b1b482c011713ae941997921eebc8",
        "sha256:31d1e1c0dbf19ebccbfd62eff461518dcb1e307b195e93bba60c965a4dcf1ba0",
        "sha256:37951ad2f4a6df6506750a23f7cbabad24c73c65f23f72e95897bb2cecbae676",
        "sha256:3af642b43ce56c24d063325dd2cf20ee012d2b9ba4c3c008755a301aaea720ad",
        "sha256:44db35a9e15d6fe5c40d74952e803b1d96e964f683b5a78c3cc64eb177878155",
        "sha256:473d93d4450880fe278696549f2e7aed8cd23708c3c1997981464475f32137db",
        "sha256:477c3ea0ba410b2b56b7efb072c36fa91b1e6fc331761798fa3f28bb224830dd",
        "sha256:4a4a4e30bf1edcad13fb0804300557aedd07a92cabc74382fdd0ba6ca2661091",
        "sha256:4aed991a28ea3ce320dc8ce655875e1e00a11bdd29fe9444dd4f88c30d558602",
        "sha256:51467000f3647d519272392f484126aa716f747859794ac9924a7aafa86cd411",
        "sha256:55c3d1072704d27401c92339144d199d9de7b52627f724a949fc7d5fc56d8b93",
        "sha256:589c72667a5febd36f1315aa6e5f56dd4aa4862df295cb51c769d16142ddd7cd",
        "sha256:5bfde62d1d2641a1f5173b8c8c2d96ceb4854f54a44c23102e2ccc7e02f003ec",
        "sha256:5c23b1ad869653bc818e972b7a3a79852d0e494e9ab7e1a701a3decc49c20d51",
        "sha256:61bfc23df345d8c9716d03717c2ed5e27374e0fe6f659ea64edcd27b4b044cf7",
        "sha256:6ae828d3a003f03ae31915c31fa684b9890ea44c9c989056fea96e3d12a9fa17",
        "sha256:6c7cefb4b0640703eb1069835c02486669312bf2f12b48a748e0a7756d0de33d",
        "sha256:6d69f36d445c45cda7b3b26afef2fc34ef5ac0cdc75584a87ef307ee3c8c6d00",
        "sha256:6f0d5f33feb5f69ddd57a4a4bd3d56c719a141080b445cbf18f238973c5c9923",
        "sha256:6f8b01295e26c68b3a1b90efb7a89029110d3a4139270b24fda961893216c440",
        "sha256:713ac174a629d39b7c6a3aa757b337599798da4c1157114a314e4e391cd28e32",
        "sha256:718626a174e7e467f0558954f94af117b7d4695d48eb980146016afa4b580b2e",
        "sha256:7187a76598bdb895af0adbd2fb7474d7f6025d170bc0a1130242da817ce9e7d1",
        "sha256:71927042ed6365a09a98a6377501af5c9f0a4d38083652bcd2281a06a5976724",
        "sha256:7d08744e9bae2ca9c382581f7dce1273fe3c9bae94ff572c3626e8da5b193c6a",
        "sha256:7dadf3c307b31e0e61689cbf9e06be7a867c563d5a63ce9dca578f956609abf8",
        "sha256:81e3d8c34c623ca4e36c46524a3530e99c0bc95ed068fd6e9b55cb721d408fb2",
        "sha256:844a9b460871ee0a0b0b68a64890dae9c415e513db0f4a7e3cab41a0f2fedf33",
        "sha256:8b7ef7cbd4fec9a1e811a5de813311ed4f7ac7d93e0fda233c9b3e1428f7dd7b",
        "sha256:97ef77eb6b044134c0b3a96e16abcb05ecce892965a2124c566af0fd60f717e2",
        "sha256:99b5eeae8e019e7aad8af8bb314fb908dd2e028b3cdaad87ec05095394cce632",
        "sha256:a25fa703a527158aaf10dafd956f7d42ac6d30ec80e9a70846253dd13e2f067b",
        "sha256:a2f635ce61a89c5732537a7896b6319a8fcfa23ba09bec36e1b1ac0ab31270d2",
        "sha256:a79004bb58748f31ae1cbe9fa891054baaa46fb106c2dc7af9f8e3304dc30316",
        "sha256:a996d01ca39b8dfe77440f3cd600825d05841088fd6bc0144cc6c2ec14cc5f74",
        "sha256:b0e20cddbd676ab8a64c774fefa0ad787cc506afd844de95da56060348021e96",
        "sha256:b6613280ccedf24354406caf785db748bebbddcf31408b20c0b48cb86af76866",
        "sha256:b9d00268fcb9f66fbcc7cd9fe423741d90c75ee029a1d15c09b22d23253c0a44",
        "sha256:bb01ba6b0d3f6c68b89fce7305080145d4877ad3acaed424bae4d4ee75faa950",
        "sha256:c2aef4703f1f2ddc6df17519885dbfa3514929149d3ff900b73f45998f2532fa",
        "sha256:c34dc4958b232ef6188c4318cb7b2c2d80521c9a56c52449f8f93ab7bc2a8a1c",
        "sha256:c3630c3ef435c0a7c549ba170a0633a56e92629aeed0e707fec832dee313fb7a",
        "sha256:c3d6a4d0619e09dcd61021debf7059955c2004fa29f48788a3dfaf9c9901a7cd",
        "sha256:d15367ce87c8e9e09b0f989bfd72dc641bcd04ba091c68cd305312d00962addd",
        "sha256:d2f9b69293c33aaa53d923032fe227feac867f81682f002ce33ffae978f0a9a9",
        "sha256:e999f2d0e12eea01caeecb17b653f3713d758f6dcc770417cf29ef08d3931421",
        "sha256:ea302f34477fda3f85560a06d9ebdc7fa41e82420e892fc50b577e35fc6a50b2",
        "sha256:eaba923151d9deea315be1f3e2b31cc39a6d1d2f682f942905951f4e40200922",
        "sha256:ef9612483cb35171d51d9173647eed5d0069eaa2ee812793a75373447d487aa4",
        "sha256:f5315a2eb0239185af1bddb1abf472d877fede3cc8d143c6cddad37678293237",
        "sha256:fa0ffcace9b3aa34d205d8130f7873fcfefcb6a4dd3dd705b0dab69af6712642",
        "sha256:fc5471e1a54de15ef71c1bc6ebe80d4dc681ea600e68bfd1cbce40427f0b7578"
      ],
      "markers": "python_version >= '3.6'",
      "version": "==3.8.1"
    },
    "aiosignal": {
      "hashes": [
        "sha256:26e62109036cd181df6e6ad646f91f0dcfd05fe16d0cb924138ff2ab75d64e3a",
        "sha256:78ed67db6c7b7ced4f98e495e572106d5c432a93e1ddd1bf475e1dc05f5b7df2"
      ],
      "markers": "python_version >= '3.6'",
      "version": "==1.2.0"
    },
    "async-timeout": {
      "hashes": [
        "sha256:2163e1640ddb52b7a8c80d0a67a08587e5d245cc9c553a74a847056bc2976b15",
        "sha256:8ca1e4fcf50d07413d66d1a5e416e42cfdf5851c981d679a09851a6853383b3c"
      ],
      "markers": "python_version >= '3.6'",
      "version": "==4.0.2"
    },
    "asyncio": {
      "hashes": [
        "sha256:83360ff8bc97980e4ff25c964c7bd3923d333d177aa4f7fb736b019f26c7cb41",
        "sha256:b62c9157d36187eca799c378e572c969f0da87cd5fc42ca372d92cdb06e7e1de",
        "sha256:c46a87b48213d7464f22d9a497b9eef8c1928b68320a2fa94240f969f6fec08c",
        "sha256:c4d18b22701821de07bd6aea8b53d21449ec0ec5680645e5317062ea21817d2d"
      ],
      "index": "pypi",
      "version": "==3.4.3"
    },
    "attrs": {
      "hashes": [
        "sha256:29adc2665447e5191d0e7c568fde78b21f9672d344281d0c6e1ab085429b22b6",
        "sha256:86efa402f67bf2df34f51a335487cf46b1ec130d02b8d39fd248abfd30da551c"
      ],
      "markers": "python_version >= '3.5'",
      "version": "==22.1.0"
    },
    "backports.zoneinfo": {
      "hashes": [
        "sha256:17746bd546106fa389c51dbea67c8b7c8f0d14b5526a579ca6ccf5ed72c526cf",
        "sha256:1b13e654a55cd45672cb54ed12148cd33628f672548f373963b0bff67b217328",
        "sha256:1c5742112073a563c81f786e77514969acb58649bcdf6cdf0b4ed31a348d4546",
        "sha256:4a0f800587060bf8880f954dbef70de6c11bbe59c673c3d818921f042f9954a6",
        "sha256:5c144945a7752ca544b4b78c8c41544cdfaf9786f25fe5ffb10e838e19a27570",
        "sha256:7b0a64cda4145548fed9efc10322770f929b944ce5cee6c0dfe0c87bf4c0c8c9",
        "sha256:8439c030a11780786a2002261569bdf362264f605dfa4d65090b64b05c9f79a7",
        "sha256:8961c0f32cd0336fb8e8ead11a1f8cd99ec07145ec2931122faaac1c8f7fd987",
        "sha256:89a48c0d158a3cc3f654da4c2de1ceba85263fafb861b98b59040a5086259722",
        "sha256:a76b38c52400b762e48131494ba26be363491ac4f9a04c1b7e92483d169f6582",
        "sha256:da6013fd84a690242c310d77ddb8441a559e9cb3d3d59ebac9aca1a57b2e18bc",
        "sha256:e55b384612d93be96506932a786bbcde5a2db7a9e6a4bb4bffe8b733f5b9036b",
        "sha256:e81b76cace8eda1fca50e345242ba977f9be6ae3945af8d46326d776b4cf78d1",
        "sha256:e8236383a20872c0cdf5a62b554b27538db7fa1bbec52429d8d106effbaeca08",
        "sha256:f04e857b59d9d1ccc39ce2da1021d196e47234873820cbeaad210724b1ee28ac",
        "sha256:fadbfe37f74051d024037f223b8e001611eac868b5c5b06144ef4d8b799862f2"
      ],
      "markers": "python_version < '3.9'",
      "version": "==0.2.1"
    },
    "boto3": {
      "hashes": [
        "sha256:0e6ef4b5e47b6073887961028201ecfc2024198125f20fbe5f5c00234f124543",
        "sha256:719bfafbe4e076055aa1a51269ffdbe9c61446679b67f31d61c237976661154c"
      ],
      "index": "pypi",
      "version": "==1.24.63"
    },
    "botocore": {
      "hashes": [
        "sha256:8567dee549430a53210c6b898dea3a8fc8ee9d7934ec1df7545c547cacbb2b8f",
        "sha256:b97e17c930a7f45b50f94956a4474c1cd7b828e3dcd8a84dd0e3306ca6189335"
      ],
      "markers": "python_version >= '3.7'",
      "version": "==1.27.63"
    },
    "certifi": {
      "hashes": [
        "sha256:84c85a9078b11105f04f3036a9482ae10e4621616db313fe045dd24743a0820d",
        "sha256:fe86415d55e84719d75f8b69414f6438ac3547d2078ab91b67e779ef69378412"
      ],
      "markers": "python_version >= '3.6'",
      "version": "==2022.6.15"
    },
    "charset-normalizer": {
      "hashes": [
        "sha256:5a3d016c7c547f69d6f81fb0db9449ce888b418b5b9952cc5e6e66843e9dd845",
        "sha256:83e9a75d1911279afd89352c68b45348559d1fc0506b054b346651b5e7fee29f"
      ],
      "markers": "python_version >= '3.6'",
      "version": "==2.1.1"
    },
    "croniter": {
      "hashes": [
        "sha256:4f72faca42c00beb6e30907f1315145f43dfbe5ec0ad4ada24b4c0d57b86a33a",
        "sha256:7592fc0e8a00d82af98dfa2768b75983b6fb4c2adc8f6d0d7c931a715b7cefee"
      ],
      "markers": "python_version >= '2.6' and python_version not in '3.0, 3.1, 3.2, 3.3'",
      "version": "==1.3.5"
    },
    "datetime": {
      "hashes": [
        "sha256:65416160ff35a564c6cca67ce0c5cd1816eee4e8a2fb324556939689d0a9ee41",
        "sha256:ec9894c438cdd54dc31578b1b43c79b11f8111dbeb066e372548a0a78a3bec46"
      ],
      "index": "pypi",
      "version": "==4.5"
    },
    "discord": {
      "hashes": [
        "sha256:b6df1dd56c19750b3cb9b69de85bf463e712a0db232546ae8109c04bf0a61083",
        "sha256:ffc714978d338d2b506e4924d66d7d02a649378a46743e2bdf42ef1bd43d1a67"
      ],
      "index": "pypi",
      "version": "==2.0.0"
    },
    "discord.py": {
      "hashes": [
        "sha256:309146476e986cb8faf038cd5d604d4b3834ef15c2d34df697ce5064bf5cd779",
        "sha256:aeb186348bf011708b085b2715cf92bbb72c692eb4f59c4c0b488130cc4c4b7e"
      ],
      "index": "pypi",
      "version": "==2.0.1"
    },
    "frozenlist": {
      "hashes": [
        "sha256:022178b277cb9277d7d3b3f2762d294f15e85cd2534047e68a118c2bb0058f3e",
        "sha256:086ca1ac0a40e722d6833d4ce74f5bf1aba2c77cbfdc0cd83722ffea6da52a04",
        "sha256:0bc75692fb3770cf2b5856a6c2c9de967ca744863c5e89595df64e252e4b3944",
        "sha256:0dde791b9b97f189874d654c55c24bf7b6782343e14909c84beebd28b7217845",
        "sha256:12607804084d2244a7bd4685c9d0dca5df17a6a926d4f1967aa7978b1028f89f",
        "sha256:19127f8dcbc157ccb14c30e6f00392f372ddb64a6ffa7106b26ff2196477ee9f",
        "sha256:1b51eb355e7f813bcda00276b0114c4172872dc5fb30e3fea059b9367c18fbcb",
        "sha256:1e1cf7bc8cbbe6ce3881863671bac258b7d6bfc3706c600008925fb799a256e2",
        "sha256:219a9676e2eae91cb5cc695a78b4cb43d8123e4160441d2b6ce8d2c70c60e2f3",
        "sha256:2743bb63095ef306041c8f8ea22bd6e4d91adabf41887b1ad7886c4c1eb43d5f",
        "sha256:2af6f7a4e93f5d08ee3f9152bce41a6015b5cf87546cb63872cc19b45476e98a",
        "sha256:31b44f1feb3630146cffe56344704b730c33e042ffc78d21f2125a6a91168131",
        "sha256:31bf9539284f39ff9398deabf5561c2b0da5bb475590b4e13dd8b268d7a3c5c1",
        "sha256:35c3d79b81908579beb1fb4e7fcd802b7b4921f1b66055af2578ff7734711cfa",
        "sha256:3a735e4211a04ccfa3f4833547acdf5d2f863bfeb01cfd3edaffbc251f15cec8",
        "sha256:42719a8bd3792744c9b523674b752091a7962d0d2d117f0b417a3eba97d1164b",
        "sha256:49459f193324fbd6413e8e03bd65789e5198a9fa3095e03f3620dee2f2dabff2",
        "sha256:4c0c99e31491a1d92cde8648f2e7ccad0e9abb181f6ac3ddb9fc48b63301808e",
        "sha256:52137f0aea43e1993264a5180c467a08a3e372ca9d378244c2d86133f948b26b",
        "sha256:526d5f20e954d103b1d47232e3839f3453c02077b74203e43407b962ab131e7b",
        "sha256:53b2b45052e7149ee8b96067793db8ecc1ae1111f2f96fe1f88ea5ad5fd92d10",
        "sha256:572ce381e9fe027ad5e055f143763637dcbac2542cfe27f1d688846baeef5170",
        "sha256:58fb94a01414cddcdc6839807db77ae8057d02ddafc94a42faee6004e46c9ba8",
        "sha256:5e77a8bd41e54b05e4fb2708dc6ce28ee70325f8c6f50f3df86a44ecb1d7a19b",
        "sha256:5f271c93f001748fc26ddea409241312a75e13466b06c94798d1a341cf0e6989",
        "sha256:5f63c308f82a7954bf8263a6e6de0adc67c48a8b484fab18ff87f349af356efd",
        "sha256:61d7857950a3139bce035ad0b0945f839532987dfb4c06cfe160254f4d19df03",
        "sha256:61e8cb51fba9f1f33887e22488bad1e28dd8325b72425f04517a4d285a04c519",
        "sha256:625d8472c67f2d96f9a4302a947f92a7adbc1e20bedb6aff8dbc8ff039ca6189",
        "sha256:6e19add867cebfb249b4e7beac382d33215d6d54476bb6be46b01f8cafb4878b",
        "sha256:717470bfafbb9d9be624da7780c4296aa7935294bd43a075139c3d55659038ca",
        "sha256:74140933d45271c1a1283f708c35187f94e1256079b3c43f0c2267f9db5845ff",
        "sha256:74e6b2b456f21fc93ce1aff2b9728049f1464428ee2c9752a4b4f61e98c4db96",
        "sha256:9494122bf39da6422b0972c4579e248867b6b1b50c9b05df7e04a3f30b9a413d",
        "sha256:94e680aeedc7fd3b892b6fa8395b7b7cc4b344046c065ed4e7a1e390084e8cb5",
        "sha256:97d9e00f3ac7c18e685320601f91468ec06c58acc185d18bb8e511f196c8d4b2",
        "sha256:9c6ef8014b842f01f5d2b55315f1af5cbfde284eb184075c189fd657c2fd8204",
        "sha256:a027f8f723d07c3f21963caa7d585dcc9b089335565dabe9c814b5f70c52705a",
        "sha256:a718b427ff781c4f4e975525edb092ee2cdef6a9e7bc49e15063b088961806f8",
        "sha256:ab386503f53bbbc64d1ad4b6865bf001414930841a870fc97f1546d4d133f141",
        "sha256:ab6fa8c7871877810e1b4e9392c187a60611fbf0226a9e0b11b7b92f5ac72792",
        "sha256:b47d64cdd973aede3dd71a9364742c542587db214e63b7529fbb487ed67cddd9",
        "sha256:b499c6abe62a7a8d023e2c4b2834fce78a6115856ae95522f2f974139814538c",
        "sha256:bbb1a71b1784e68870800b1bc9f3313918edc63dbb8f29fbd2e767ce5821696c",
        "sha256:c3b31180b82c519b8926e629bf9f19952c743e089c41380ddca5db556817b221",
        "sha256:c56c299602c70bc1bb5d1e75f7d8c007ca40c9d7aebaf6e4ba52925d88ef826d",
        "sha256:c92deb5d9acce226a501b77307b3b60b264ca21862bd7d3e0c1f3594022f01bc",
        "sha256:cc2f3e368ee5242a2cbe28323a866656006382872c40869b49b265add546703f",
        "sha256:d82bed73544e91fb081ab93e3725e45dd8515c675c0e9926b4e1f420a93a6ab9",
        "sha256:da1cdfa96425cbe51f8afa43e392366ed0b36ce398f08b60de6b97e3ed4affef",
        "sha256:da5ba7b59d954f1f214d352308d1d86994d713b13edd4b24a556bcc43d2ddbc3",
        "sha256:e0c8c803f2f8db7217898d11657cb6042b9b0553a997c4a0601f48a691480fab",
        "sha256:ee4c5120ddf7d4dd1eaf079af3af7102b56d919fa13ad55600a4e0ebe532779b",
        "sha256:eee0c5ecb58296580fc495ac99b003f64f82a74f9576a244d04978a7e97166db",
        "sha256:f5abc8b4d0c5b556ed8cd41490b606fe99293175a82b98e652c3f2711b452988",
        "sha256:f810e764617b0748b49a731ffaa525d9bb36ff38332411704c2400125af859a6",
        "sha256:f89139662cc4e65a4813f4babb9ca9544e42bddb823d2ec434e18dad582543bc",
        "sha256:fa47319a10e0a076709644a0efbcaab9e91902c8bd8ef74c6adb19d320f69b83",
        "sha256:fabb953ab913dadc1ff9dcc3a7a7d3dc6a92efab3a0373989b8063347f8705be"
      ],
      "markers": "python_version >= '3.7'",
      "version": "==1.3.1"
    },
    "fuzzywuzzy": {
      "hashes": [
        "sha256:45016e92264780e58972dca1b3d939ac864b78437422beecebb3095f8efd00e8",
        "sha256:928244b28db720d1e0ee7587acf660ea49d7e4c632569cad4f1cd7e68a5f0993"
      ],
      "index": "pypi",
      "version": "==0.18.0"
    },
    "gevent": {
      "hashes": [
        "sha256:0082d8a5d23c35812ce0e716a91ede597f6dd2c5ff508a02a998f73598c59397",
        "sha256:01928770972181ad8866ee37ea3504f1824587b188fcab782ef1619ce7538766",
        "sha256:05c5e8a50cd6868dd36536c92fb4468d18090e801bd63611593c0717bab63692",
        "sha256:08b4c17064e28f4eb85604486abc89f442c7407d2aed249cf54544ce5c9baee6",
        "sha256:177f93a3a90f46a5009e0841fef561601e5c637ba4332ab8572edd96af650101",
        "sha256:22ce1f38fdfe2149ffe8ec2131ca45281791c1e464db34b3b4321ae9d8d2efbb",
        "sha256:24d3550fbaeef5fddd794819c2853bca45a86c3d64a056a2c268d981518220d1",
        "sha256:2afa3f3ad528155433f6ac8bd64fa5cc303855b97004416ec719a6b1ca179481",
        "sha256:2bcec9f80196c751fdcf389ca9f7141e7b0db960d8465ed79be5e685bfcad682",
        "sha256:2cfff82f05f14b7f5d9ed53ccb7a609ae8604df522bb05c971bca78ec9d8b2b9",
        "sha256:3baeeccc4791ba3f8db27179dff11855a8f9210ddd754f6c9b48e0d2561c2aea",
        "sha256:3c012c73e6c61f13c75e3a4869dbe6a2ffa025f103421a6de9c85e627e7477b1",
        "sha256:3dad62f55fad839d498c801e139481348991cee6e1c7706041b5fe096cb6a279",
        "sha256:542ae891e2aa217d2cf6d8446538fcd2f3263a40eec123b970b899bac391c47a",
        "sha256:6a02a88723ed3f0fd92cbf1df3c4cd2fbd87d82b0a4bac3e36a8875923115214",
        "sha256:74fc1ef16b86616cfddcc74f7292642b0f72dde4dd95aebf4c45bb236744be54",
        "sha256:7909780f0cf18a1fc32aafd8c8e130cdd93c6e285b11263f7f2d1a0f3678bc50",
        "sha256:7ccffcf708094564e442ac6fde46f0ae9e40015cb69d995f4b39cc29a7643881",
        "sha256:8c21cb5c9f4e14d75b3fe0b143ec875d7dbd1495fad6d49704b00e57e781ee0f",
        "sha256:973749bacb7bc4f4181a8fb2a7e0e2ff44038de56d08e856dd54a5ac1d7331b4",
        "sha256:9d86438ede1cbe0fde6ef4cc3f72bf2f1ecc9630d8b633ff344a3aeeca272cdd",
        "sha256:9f9652d1e4062d4b5b5a0a49ff679fa890430b5f76969d35dccb2df114c55e0f",
        "sha256:a5ad4ed8afa0a71e1927623589f06a9b5e8b5e77810be3125cb4d93050d3fd1f",
        "sha256:b7709c64afa8bb3000c28bb91ec42c79594a7cb0f322e20427d57f9762366a5b",
        "sha256:bb5cb8db753469c7a9a0b8a972d2660fe851aa06eee699a1ca42988afb0aaa02",
        "sha256:c43f081cbca41d27fd8fef9c6a32cf83cb979345b20abc07bf68df165cdadb24",
        "sha256:cc2fef0f98ee180704cf95ec84f2bc2d86c6c3711bb6b6740d74e0afe708b62c",
        "sha256:da8d2d51a49b2a5beb02ad619ca9ddbef806ef4870ba04e5ac7b8b41a5b61db3",
        "sha256:e1899b921219fc8959ff9afb94dae36be82e0769ed13d330a393594d478a0b3a",
        "sha256:eae3c46f9484eaacd67ffcdf4eaf6ca830f587edd543613b0f5c4eb3c11d052d",
        "sha256:ec21f9eaaa6a7b1e62da786132d6788675b314f25f98d9541f1bf00584ed4749",
        "sha256:f289fae643a3f1c3b909d6b033e6921b05234a4907e9c9c8c3f1fe403e6ac452",
        "sha256:f48b64578c367b91fa793bf8eaaaf4995cb93c8bc45860e473bf868070ad094e"
      ],
      "markers": "python_version >= '2.7' and python_version not in '3.0, 3.1, 3.2, 3.3, 3.4, 3.5'",
      "version": "==21.12.0"
    },
    "greenlet": {
      "hashes": [
        "sha256:0118817c9341ef2b0f75f5af79ac377e4da6ff637e5ee4ac91802c0e379dadb4",
        "sha256:048d2bed76c2aa6de7af500ae0ea51dd2267aec0e0f2a436981159053d0bc7cc",
        "sha256:07c58e169bbe1e87b8bbf15a5c1b779a7616df9fd3e61cadc9d691740015b4f8",
        "sha256:095a980288fe05adf3d002fbb180c99bdcf0f930e220aa66fcd56e7914a38202",
        "sha256:0b181e9aa6cb2f5ec0cacc8cee6e5a3093416c841ba32c185c30c160487f0380",
        "sha256:1626185d938d7381631e48e6f7713e8d4b964be246073e1a1d15c2f061ac9f08",
        "sha256:184416e481295832350a4bf731ba619a92f5689bf5d0fa4341e98b98b1265bd7",
        "sha256:1dd51d2650e70c6c4af37f454737bf4a11e568945b27f74b471e8e2a9fd21268",
        "sha256:1ec2779774d8e42ed0440cf8bc55540175187e8e934f2be25199bf4ed948cd9e",
        "sha256:2cf45e339cabea16c07586306a31cfcc5a3b5e1626d365714d283732afed6809",
        "sha256:2fb0aa7f6996879551fd67461d5d3ab0c3c0245da98be90c89fcb7a18d437403",
        "sha256:44b4817c34c9272c65550b788913620f1fdc80362b209bc9d7dd2f40d8793080",
        "sha256:466ce0928e33421ee84ae04c4ac6f253a3a3e6b8d600a79bd43fd4403e0a7a76",
        "sha256:4f166b4aca8d7d489e82d74627a7069ab34211ef5ebb57c300ec4b9337b60fc0",
        "sha256:510c3b15587afce9800198b4b142202b323bf4b4b5f9d6c79cb9a35e5e3c30d2",
        "sha256:5b756e6730ea59b2745072e28ad27f4c837084688e6a6b3633c8b1e509e6ae0e",
        "sha256:5fbe1ab72b998ca77ceabbae63a9b2e2dc2d963f4299b9b278252ddba142d3f1",
        "sha256:6200a11f003ec26815f7e3d2ded01b43a3810be3528dd760d2f1fa777490c3cd",
        "sha256:65ad1a7a463a2a6f863661329a944a5802c7129f7ad33583dcc11069c17e622c",
        "sha256:694ffa7144fa5cc526c8f4512665003a39fa09ef00d19bbca5c8d3406db72fbe",
        "sha256:6f5d4b2280ceea76c55c893827961ed0a6eadd5a584a7c4e6e6dd7bc10dfdd96",
        "sha256:7532a46505470be30cbf1dbadb20379fb481244f1ca54207d7df3bf0bbab6a20",
        "sha256:76a53bfa10b367ee734b95988bd82a9a5f0038a25030f9f23bbbc005010ca600",
        "sha256:77e41db75f9958f2083e03e9dd39da12247b3430c92267df3af77c83d8ff9eed",
        "sha256:7a43bbfa9b6cfdfaeefbd91038dde65ea2c421dc387ed171613df340650874f2",
        "sha256:7b41d19c0cfe5c259fe6c539fd75051cd39a5d33d05482f885faf43f7f5e7d26",
        "sha256:7c5227963409551ae4a6938beb70d56bf1918c554a287d3da6853526212fbe0a",
        "sha256:870a48007872d12e95a996fca3c03a64290d3ea2e61076aa35d3b253cf34cd32",
        "sha256:88b04e12c9b041a1e0bcb886fec709c488192638a9a7a3677513ac6ba81d8e79",
        "sha256:8c287ae7ac921dfde88b1c125bd9590b7ec3c900c2d3db5197f1286e144e712b",
        "sha256:903fa5716b8fbb21019268b44f73f3748c41d1a30d71b4a49c84b642c2fed5fa",
        "sha256:9537e4baf0db67f382eb29255a03154fcd4984638303ff9baaa738b10371fa57",
        "sha256:9951dcbd37850da32b2cb6e391f621c1ee456191c6ae5528af4a34afe357c30e",
        "sha256:9b2f7d0408ddeb8ea1fd43d3db79a8cefaccadd2a812f021333b338ed6b10aba",
        "sha256:9c88e134d51d5e82315a7c32b914a58751b7353eb5268dbd02eabf020b4c4700",
        "sha256:9fae214f6c43cd47f7bef98c56919b9222481e833be2915f6857a1e9e8a15318",
        "sha256:a3a669f11289a8995d24fbfc0e63f8289dd03c9aaa0cc8f1eab31d18ca61a382",
        "sha256:aa741c1a8a8cc25eb3a3a01a62bdb5095a773d8c6a86470bde7f607a447e7905",
        "sha256:b0877a9a2129a2c56a2eae2da016743db7d9d6a05d5e1c198f1b7808c602a30e",
        "sha256:bcb6c6dd1d6be6d38d6db283747d07fda089ff8c559a835236560a4410340455",
        "sha256:caff52cb5cd7626872d9696aee5b794abe172804beb7db52eed1fd5824b63910",
        "sha256:cbc1eb55342cbac8f7ec159088d54e2cfdd5ddf61c87b8bbe682d113789331b2",
        "sha256:cd16a89efe3a003029c87ff19e9fba635864e064da646bc749fc1908a4af18f3",
        "sha256:ce5b64dfe8d0cca407d88b0ee619d80d4215a2612c1af8c98a92180e7109f4b5",
        "sha256:d58a5a71c4c37354f9e0c24c9c8321f0185f6945ef027460b809f4bb474bfe41",
        "sha256:db41f3845eb579b544c962864cce2c2a0257fe30f0f1e18e51b1e8cbb4e0ac6d",
        "sha256:db5b25265010a1b3dca6a174a443a0ed4c4ab12d5e2883a11c97d6e6d59b12f9",
        "sha256:dd0404d154084a371e6d2bafc787201612a1359c2dee688ae334f9118aa0bf47",
        "sha256:de431765bd5fe62119e0bc6bc6e7b17ac53017ae1782acf88fcf6b7eae475a49",
        "sha256:df02fdec0c533301497acb0bc0f27f479a3a63dcdc3a099ae33a902857f07477",
        "sha256:e8533f5111704d75de3139bf0b8136d3a6c1642c55c067866fa0a51c2155ee33",
        "sha256:f2f908239b7098799b8845e5936c2ccb91d8c2323be02e82f8dcb4a80dcf4a25",
        "sha256:f8bfd36f368efe0ab2a6aa3db7f14598aac454b06849fb633b762ddbede1db90",
        "sha256:ffe73f9e7aea404722058405ff24041e59d31ca23d1da0895af48050a07b6932"
      ],
      "markers": "platform_python_implementation == 'CPython'",
      "version": "==1.1.3"
    },
    "grequests": {
      "hashes": [
        "sha256:6eff964416021bb1dee4182a56cc2b551bfa42d37820e6aee6f2efa00d43a061",
        "sha256:7dec890c6668e6755a1ea968565535867956639301268394d24df67b478df666"
      ],
      "index": "pypi",
      "version": "==0.6.0"
    },
    "idna": {
      "hashes": [
        "sha256:84d9dd047ffa80596e0f246e2eab0b391788b0503584e8945f2368256d2735ff",
        "sha256:9d643ff0a55b762d5cdb124b8eaa99c66322e2157b69160bc32796e824360e6d"
      ],
      "markers": "python_version >= '3.5'",
      "version": "==3.3"
    },
    "iso8601": {
      "hashes": [
        "sha256:27f503220e6845d9db954fb212b95b0362d8b7e6c1b2326a87061c3de93594b1",
        "sha256:d7bc01b1c2a43b259570bb307f057abc578786ea734ba2b87b836c5efc5bd443"
      ],
      "markers": "python_version < '4' and python_full_version >= '3.6.2'",
      "version": "==1.0.2"
    },
    "jmespath": {
      "hashes": [
        "sha256:02e2e4cc71b5bcab88332eebf907519190dd9e6e82107fa7f83b1003a6252980",
        "sha256:90261b206d6defd58fdd5e85f478bf633a2901798906be2ad389150c5c60edbe"
      ],
      "markers": "python_version >= '3.7'",
      "version": "==1.0.1"
    },
    "multidict": {
      "hashes": [
        "sha256:0327292e745a880459ef71be14e709aaea2f783f3537588fb4ed09b6c01bca60",
        "sha256:041b81a5f6b38244b34dc18c7b6aba91f9cdaf854d9a39e5ff0b58e2b5773b9c",
        "sha256:0556a1d4ea2d949efe5fd76a09b4a82e3a4a30700553a6725535098d8d9fb672",
        "sha256:05f6949d6169878a03e607a21e3b862eaf8e356590e8bdae4227eedadacf6e51",
        "sha256:07a017cfa00c9890011628eab2503bee5872f27144936a52eaab449be5eaf032",
        "sha256:0b9e95a740109c6047602f4db4da9949e6c5945cefbad34a1299775ddc9a62e2",
        "sha256:19adcfc2a7197cdc3987044e3f415168fc5dc1f720c932eb1ef4f71a2067e08b",
        "sha256:19d9bad105dfb34eb539c97b132057a4e709919ec4dd883ece5838bcbf262b80",
        "sha256:225383a6603c086e6cef0f2f05564acb4f4d5f019a4e3e983f572b8530f70c88",
        "sha256:23b616fdc3c74c9fe01d76ce0d1ce872d2d396d8fa8e4899398ad64fb5aa214a",
        "sha256:2957489cba47c2539a8eb7ab32ff49101439ccf78eab724c828c1a54ff3ff98d",
        "sha256:2d36e929d7f6a16d4eb11b250719c39560dd70545356365b494249e2186bc389",
        "sha256:2e4a0785b84fb59e43c18a015ffc575ba93f7d1dbd272b4cdad9f5134b8a006c",
        "sha256:3368bf2398b0e0fcbf46d85795adc4c259299fec50c1416d0f77c0a843a3eed9",
        "sha256:373ba9d1d061c76462d74e7de1c0c8e267e9791ee8cfefcf6b0b2495762c370c",
        "sha256:4070613ea2227da2bfb2c35a6041e4371b0af6b0be57f424fe2318b42a748516",
        "sha256:45183c96ddf61bf96d2684d9fbaf6f3564d86b34cb125761f9a0ef9e36c1d55b",
        "sha256:4571f1beddff25f3e925eea34268422622963cd8dc395bb8778eb28418248e43",
        "sha256:47e6a7e923e9cada7c139531feac59448f1f47727a79076c0b1ee80274cd8eee",
        "sha256:47fbeedbf94bed6547d3aa632075d804867a352d86688c04e606971595460227",
        "sha256:497988d6b6ec6ed6f87030ec03280b696ca47dbf0648045e4e1d28b80346560d",
        "sha256:4bae31803d708f6f15fd98be6a6ac0b6958fcf68fda3c77a048a4f9073704aae",
        "sha256:50bd442726e288e884f7be9071016c15a8742eb689a593a0cac49ea093eef0a7",
        "sha256:514fe2b8d750d6cdb4712346a2c5084a80220821a3e91f3f71eec11cf8d28fd4",
        "sha256:5774d9218d77befa7b70d836004a768fb9aa4fdb53c97498f4d8d3f67bb9cfa9",
        "sha256:5fdda29a3c7e76a064f2477c9aab1ba96fd94e02e386f1e665bca1807fc5386f",
        "sha256:5ff3bd75f38e4c43f1f470f2df7a4d430b821c4ce22be384e1459cb57d6bb013",
        "sha256:626fe10ac87851f4cffecee161fc6f8f9853f0f6f1035b59337a51d29ff3b4f9",
        "sha256:6701bf8a5d03a43375909ac91b6980aea74b0f5402fbe9428fc3f6edf5d9677e",
        "sha256:684133b1e1fe91eda8fa7447f137c9490a064c6b7f392aa857bba83a28cfb693",
        "sha256:6f3cdef8a247d1eafa649085812f8a310e728bdf3900ff6c434eafb2d443b23a",
        "sha256:75bdf08716edde767b09e76829db8c1e5ca9d8bb0a8d4bd94ae1eafe3dac5e15",
        "sha256:7c40b7bbece294ae3a87c1bc2abff0ff9beef41d14188cda94ada7bcea99b0fb",
        "sha256:8004dca28e15b86d1b1372515f32eb6f814bdf6f00952699bdeb541691091f96",
        "sha256:8064b7c6f0af936a741ea1efd18690bacfbae4078c0c385d7c3f611d11f0cf87",
        "sha256:89171b2c769e03a953d5969b2f272efa931426355b6c0cb508022976a17fd376",
        "sha256:8cbf0132f3de7cc6c6ce00147cc78e6439ea736cee6bca4f068bcf892b0fd658",
        "sha256:9cc57c68cb9139c7cd6fc39f211b02198e69fb90ce4bc4a094cf5fe0d20fd8b0",
        "sha256:a007b1638e148c3cfb6bf0bdc4f82776cef0ac487191d093cdc316905e504071",
        "sha256:a2c34a93e1d2aa35fbf1485e5010337c72c6791407d03aa5f4eed920343dd360",
        "sha256:a45e1135cb07086833ce969555df39149680e5471c04dfd6a915abd2fc3f6dbc",
        "sha256:ac0e27844758d7177989ce406acc6a83c16ed4524ebc363c1f748cba184d89d3",
        "sha256:aef9cc3d9c7d63d924adac329c33835e0243b5052a6dfcbf7732a921c6e918ba",
        "sha256:b9d153e7f1f9ba0b23ad1568b3b9e17301e23b042c23870f9ee0522dc5cc79e8",
        "sha256:bfba7c6d5d7c9099ba21f84662b037a0ffd4a5e6b26ac07d19e423e6fdf965a9",
        "sha256:c207fff63adcdf5a485969131dc70e4b194327666b7e8a87a97fbc4fd80a53b2",
        "sha256:d0509e469d48940147e1235d994cd849a8f8195e0bca65f8f5439c56e17872a3",
        "sha256:d16cce709ebfadc91278a1c005e3c17dd5f71f5098bfae1035149785ea6e9c68",
        "sha256:d48b8ee1d4068561ce8033d2c344cf5232cb29ee1a0206a7b828c79cbc5982b8",
        "sha256:de989b195c3d636ba000ee4281cd03bb1234635b124bf4cd89eeee9ca8fcb09d",
        "sha256:e07c8e79d6e6fd37b42f3250dba122053fddb319e84b55dd3a8d6446e1a7ee49",
        "sha256:e2c2e459f7050aeb7c1b1276763364884595d47000c1cddb51764c0d8976e608",
        "sha256:e5b20e9599ba74391ca0cfbd7b328fcc20976823ba19bc573983a25b32e92b57",
        "sha256:e875b6086e325bab7e680e4316d667fc0e5e174bb5611eb16b3ea121c8951b86",
        "sha256:f4f052ee022928d34fe1f4d2bc743f32609fb79ed9c49a1710a5ad6b2198db20",
        "sha256:fcb91630817aa8b9bc4a74023e4198480587269c272c58b3279875ed7235c293",
        "sha256:fd9fc9c4849a07f3635ccffa895d57abce554b467d611a5009ba4f39b78a8849",
        "sha256:feba80698173761cddd814fa22e88b0661e98cb810f9f986c54aa34d281e4937",
        "sha256:feea820722e69451743a3d56ad74948b68bf456984d63c1a92e8347b7b88452d"
      ],
      "markers": "python_version >= '3.7'",
      "version": "==6.0.2"
    },
    "python-dateutil": {
      "hashes": [
        "sha256:0123cacc1627ae19ddf3c27a5de5bd67ee4586fbdd6440d9748f8abb483d3e86",
        "sha256:961d03dc3453ebbc59dbdea9e4e11c5651520a876d0f4db161e8674aae935da9"
      ],
      "markers": "python_version >= '2.7' and python_version not in '3.0, 3.1, 3.2, 3.3'",
      "version": "==2.8.2"
    },
    "python-dotenv": {
      "hashes": [
        "sha256:b7e3b04a59693c42c36f9ab1cc2acc46fa5df8c78e178fc33a8d4cd05c8d498f",
        "sha256:d92a187be61fe482e4fd675b6d52200e7be63a12b724abbf931a40ce4fa92938"
      ],
      "index": "pypi",
      "version": "==0.20.0"
    },
    "python-levenshtein": {
      "hashes": [
        "sha256:dc2395fbd148a1ab31090dd113c366695934b9e85fe5a4b2a032745efd0346f6"
      ],
      "index": "pypi",
      "version": "==0.12.2"
    },
    "pytz": {
      "hashes": [
        "sha256:220f481bdafa09c3955dfbdddb7b57780e9a94f5127e35456a48589b9e0c0197",
        "sha256:cea221417204f2d1a2aa03ddae3e867921971d0d76f14d87abb4414415bbdcf5"
      ],
      "index": "pypi",
      "version": "==2022.2.1"
    },
    "pytz-deprecation-shim": {
      "hashes": [
        "sha256:8314c9692a636c8eb3bda879b9f119e350e93223ae83e70e80c31675a0fdc1a6",
        "sha256:af097bae1b616dde5c5744441e2ddc69e74dfdcb0c263129610d85b87445a59d"
      ],
      "markers": "python_version >= '2.7' and python_version not in '3.0, 3.1, 3.2, 3.3, 3.4, 3.5'",
      "version": "==0.1.0.post0"
    },
    "requests": {
      "hashes": [
        "sha256:7c5599b102feddaa661c826c56ab4fee28bfd17f5abca1ebbe3e7f19d7c97983",
        "sha256:8fefa2a1a1365bf5520aac41836fbee479da67864514bdb821f31ce07ce65349"
      ],
      "index": "pypi",
      "version": "==2.28.1"
    },
    "s3transfer": {
      "hashes": [
        "sha256:06176b74f3a15f61f1b4f25a1fc29a4429040b7647133a463da8fa5bd28d5ecd",
        "sha256:2ed07d3866f523cc561bf4a00fc5535827981b117dd7876f036b0c1aca42c947"
      ],
      "markers": "python_version >= '3.7'",
      "version": "==0.6.0"
    },
    "schedule": {
      "hashes": [
        "sha256:617adce8b4bf38c360b781297d59918fbebfb2878f1671d189f4f4af5d0567a4",
        "sha256:e6ca13585e62c810e13a08682e0a6a8ad245372e376ba2b8679294f377dfc8e4"
      ],
      "index": "pypi",
      "version": "==1.1.0"
    },
    "setuptools": {
      "hashes": [
        "sha256:2e24e0bec025f035a2e72cdd1961119f557d78ad331bb00ff82efb2ab8da8e82",
        "sha256:7732871f4f7fa58fb6bdcaeadb0161b2bd046c85905dbaa066bdcbcc81953b57"
      ],
      "markers": "python_version >= '3.7'",
      "version": "==65.3.0"
    },
    "six": {
      "hashes": [
        "sha256:1e61c37477a1626458e36f7b1d82aa5c9b094fa4802892072e49de9c60c4c926",
        "sha256:8abb2f1d86890a2dfb989f9a77cfcfd3e47c2a354b01111771326f8aa26e0254"
      ],
      "markers": "python_version >= '2.7' and python_version not in '3.0, 3.1, 3.2, 3.3'",
      "version": "==1.16.0"
    },
    "twitchio": {
      "hashes": [
        "sha256:12555c02dd3272f33a965a9fcee765507a1204af581ecd6eced1f8c19ca69e47",
        "sha256:6d6f5d6ac63737220d234cba3b0e8b625449efea96e82263c5e7d4e0dcea6ca0"
      ],
      "index": "pypi",
      "version": "==2.3.0"
    },
    "typing-extensions": {
      "hashes": [
        "sha256:25642c956049920a5aa49edcdd6ab1e06d7e5d467fc00e0506c44ac86fbfca02",
        "sha256:e6d2677a32f47fc7eb2795db1dd15c1f34eff616bcaf2cfb5e997f854fa1c4a6"
      ],
      "index": "pypi",
      "version": "==4.3.0"
    },
    "tzdata": {
      "hashes": [
        "sha256:21f4f0d7241572efa7f7a4fdabb052e61b55dc48274e6842697ccdf5253e5451",
        "sha256:c3119520447d68ef3eb8187a55a4f44fa455f30eb1b4238fa5691ba094f2b05b"
      ],
      "markers": "python_version >= '3.6'",
      "version": "==2022.2"
    },
    "tzlocal": {
      "hashes": [
        "sha256:89885494684c929d9191c57aa27502afc87a579be5cdd3225c77c463ea043745",
        "sha256:ee5842fa3a795f023514ac2d801c4a81d1743bbe642e3940143326b3a00addd7"
      ],
      "markers": "python_version >= '3.6'",
      "version": "==4.2"
    },
    "urllib3": {
      "hashes": [
        "sha256:3fa96cf423e6987997fc326ae8df396db2a8b7c667747d47ddd8ecba91f4a74e",
        "sha256:b930dd878d5a8afb066a637fbb35144fe7901e3b209d1cd4f524bd0e9deee997"
      ],
      "markers": "python_version >= '2.7' and python_version not in '3.0, 3.1, 3.2, 3.3, 3.4, 3.5' and python_version < '4'",
      "version": "==1.26.12"
    },
    "yarl": {
      "hashes": [
        "sha256:076eede537ab978b605f41db79a56cad2e7efeea2aa6e0fa8f05a26c24a034fb",
        "sha256:07b21e274de4c637f3e3b7104694e53260b5fc10d51fb3ec5fed1da8e0f754e3",
        "sha256:0ab5a138211c1c366404d912824bdcf5545ccba5b3ff52c42c4af4cbdc2c5035",
        "sha256:0c03f456522d1ec815893d85fccb5def01ffaa74c1b16ff30f8aaa03eb21e453",
        "sha256:12768232751689c1a89b0376a96a32bc7633c08da45ad985d0c49ede691f5c0d",
        "sha256:19cd801d6f983918a3f3a39f3a45b553c015c5aac92ccd1fac619bd74beece4a",
        "sha256:1ca7e596c55bd675432b11320b4eacc62310c2145d6801a1f8e9ad160685a231",
        "sha256:1e4808f996ca39a6463f45182e2af2fae55e2560be586d447ce8016f389f626f",
        "sha256:205904cffd69ae972a1707a1bd3ea7cded594b1d773a0ce66714edf17833cdae",
        "sha256:20df6ff4089bc86e4a66e3b1380460f864df3dd9dccaf88d6b3385d24405893b",
        "sha256:21ac44b763e0eec15746a3d440f5e09ad2ecc8b5f6dcd3ea8cb4773d6d4703e3",
        "sha256:29e256649f42771829974e742061c3501cc50cf16e63f91ed8d1bf98242e5507",
        "sha256:2d800b9c2eaf0684c08be5f50e52bfa2aa920e7163c2ea43f4f431e829b4f0fd",
        "sha256:2d93a049d29df172f48bcb09acf9226318e712ce67374f893b460b42cc1380ae",
        "sha256:31a9a04ecccd6b03e2b0e12e82131f1488dea5555a13a4d32f064e22a6003cfe",
        "sha256:3d1a50e461615747dd93c099f297c1994d472b0f4d2db8a64e55b1edf704ec1c",
        "sha256:449c957ffc6bc2309e1fbe67ab7d2c1efca89d3f4912baeb8ead207bb3cc1cd4",
        "sha256:4a88510731cd8d4befaba5fbd734a7dd914de5ab8132a5b3dde0bbd6c9476c64",
        "sha256:4c322cbaa4ed78a8aac89b2174a6df398faf50e5fc12c4c191c40c59d5e28357",
        "sha256:5395da939ffa959974577eff2cbfc24b004a2fb6c346918f39966a5786874e54",
        "sha256:5587bba41399854703212b87071c6d8638fa6e61656385875f8c6dff92b2e461",
        "sha256:56c11efb0a89700987d05597b08a1efcd78d74c52febe530126785e1b1a285f4",
        "sha256:5999c4662631cb798496535afbd837a102859568adc67d75d2045e31ec3ac497",
        "sha256:59ddd85a1214862ce7c7c66457f05543b6a275b70a65de366030d56159a979f0",
        "sha256:6347f1a58e658b97b0a0d1ff7658a03cb79bdbda0331603bed24dd7054a6dea1",
        "sha256:6628d750041550c5d9da50bb40b5cf28a2e63b9388bac10fedd4f19236ef4957",
        "sha256:6afb336e23a793cd3b6476c30f030a0d4c7539cd81649683b5e0c1b0ab0bf350",
        "sha256:6c8148e0b52bf9535c40c48faebb00cb294ee577ca069d21bd5c48d302a83780",
        "sha256:76577f13333b4fe345c3704811ac7509b31499132ff0181f25ee26619de2c843",
        "sha256:7c0da7e44d0c9108d8b98469338705e07f4bb7dab96dbd8fa4e91b337db42548",
        "sha256:7de89c8456525650ffa2bb56a3eee6af891e98f498babd43ae307bd42dca98f6",
        "sha256:7ec362167e2c9fd178f82f252b6d97669d7245695dc057ee182118042026da40",
        "sha256:7fce6cbc6c170ede0221cc8c91b285f7f3c8b9fe28283b51885ff621bbe0f8ee",
        "sha256:85cba594433915d5c9a0d14b24cfba0339f57a2fff203a5d4fd070e593307d0b",
        "sha256:8b0af1cf36b93cee99a31a545fe91d08223e64390c5ecc5e94c39511832a4bb6",
        "sha256:9130ddf1ae9978abe63808b6b60a897e41fccb834408cde79522feb37fb72fb0",
        "sha256:99449cd5366fe4608e7226c6cae80873296dfa0cde45d9b498fefa1de315a09e",
        "sha256:9de955d98e02fab288c7718662afb33aab64212ecb368c5dc866d9a57bf48880",
        "sha256:a0fb2cb4204ddb456a8e32381f9a90000429489a25f64e817e6ff94879d432fc",
        "sha256:a165442348c211b5dea67c0206fc61366212d7082ba8118c8c5c1c853ea4d82e",
        "sha256:ab2a60d57ca88e1d4ca34a10e9fb4ab2ac5ad315543351de3a612bbb0560bead",
        "sha256:abc06b97407868ef38f3d172762f4069323de52f2b70d133d096a48d72215d28",
        "sha256:af887845b8c2e060eb5605ff72b6f2dd2aab7a761379373fd89d314f4752abbf",
        "sha256:b19255dde4b4f4c32e012038f2c169bb72e7f081552bea4641cab4d88bc409dd",
        "sha256:b3ded839a5c5608eec8b6f9ae9a62cb22cd037ea97c627f38ae0841a48f09eae",
        "sha256:c1445a0c562ed561d06d8cbc5c8916c6008a31c60bc3655cdd2de1d3bf5174a0",
        "sha256:d0272228fabe78ce00a3365ffffd6f643f57a91043e119c289aaba202f4095b0",
        "sha256:d0b51530877d3ad7a8d47b2fff0c8df3b8f3b8deddf057379ba50b13df2a5eae",
        "sha256:d0f77539733e0ec2475ddcd4e26777d08996f8cd55d2aef82ec4d3896687abda",
        "sha256:d2b8f245dad9e331540c350285910b20dd913dc86d4ee410c11d48523c4fd546",
        "sha256:dd032e8422a52e5a4860e062eb84ac94ea08861d334a4bcaf142a63ce8ad4802",
        "sha256:de49d77e968de6626ba7ef4472323f9d2e5a56c1d85b7c0e2a190b2173d3b9be",
        "sha256:de839c3a1826a909fdbfe05f6fe2167c4ab033f1133757b5936efe2f84904c07",
        "sha256:e80ed5a9939ceb6fda42811542f31c8602be336b1fb977bccb012e83da7e4936",
        "sha256:ea30a42dc94d42f2ba4d0f7c0ffb4f4f9baa1b23045910c0c32df9c9902cb272",
        "sha256:ea513a25976d21733bff523e0ca836ef1679630ef4ad22d46987d04b372d57fc",
        "sha256:ed19b74e81b10b592084a5ad1e70f845f0aacb57577018d31de064e71ffa267a",
        "sha256:f5af52738e225fcc526ae64071b7e5342abe03f42e0e8918227b38c9aa711e28",
        "sha256:fae37373155f5ef9b403ab48af5136ae9851151f7aacd9926251ab26b953118b"
      ],
      "markers": "python_version >= '3.7'",
      "version": "==1.8.1"
    },
    "zope.event": {
      "hashes": [
        "sha256:2666401939cdaa5f4e0c08cf7f20c9b21423b95e88f4675b1443973bdb080c42",
        "sha256:5e76517f5b9b119acf37ca8819781db6c16ea433f7e2062c4afc2b6fbedb1330"
      ],
      "version": "==4.5.0"
    },
    "zope.interface": {
      "hashes": [
        "sha256:08f9636e99a9d5410181ba0729e0408d3d8748026ea938f3b970a0249daa8192",
        "sha256:0b465ae0962d49c68aa9733ba92a001b2a0933c317780435f00be7ecb959c702",
        "sha256:0cba8477e300d64a11a9789ed40ee8932b59f9ee05f85276dbb4b59acee5dd09",
        "sha256:0cee5187b60ed26d56eb2960136288ce91bcf61e2a9405660d271d1f122a69a4",
        "sha256:0ea1d73b7c9dcbc5080bb8aaffb776f1c68e807767069b9ccdd06f27a161914a",
        "sha256:0f91b5b948686659a8e28b728ff5e74b1be6bf40cb04704453617e5f1e945ef3",
        "sha256:15e7d1f7a6ee16572e21e3576d2012b2778cbacf75eb4b7400be37455f5ca8bf",
        "sha256:17776ecd3a1fdd2b2cd5373e5ef8b307162f581c693575ec62e7c5399d80794c",
        "sha256:194d0bcb1374ac3e1e023961610dc8f2c78a0f5f634d0c737691e215569e640d",
        "sha256:1c0e316c9add0db48a5b703833881351444398b04111188069a26a61cfb4df78",
        "sha256:205e40ccde0f37496904572035deea747390a8b7dc65146d30b96e2dd1359a83",
        "sha256:273f158fabc5ea33cbc936da0ab3d4ba80ede5351babc4f577d768e057651531",
        "sha256:2876246527c91e101184f63ccd1d716ec9c46519cc5f3d5375a3351c46467c46",
        "sha256:2c98384b254b37ce50eddd55db8d381a5c53b4c10ee66e1e7fe749824f894021",
        "sha256:2e5a26f16503be6c826abca904e45f1a44ff275fdb7e9d1b75c10671c26f8b94",
        "sha256:334701327f37c47fa628fc8b8d28c7d7730ce7daaf4bda1efb741679c2b087fc",
        "sha256:3748fac0d0f6a304e674955ab1365d515993b3a0a865e16a11ec9d86fb307f63",
        "sha256:3c02411a3b62668200910090a0dff17c0b25aaa36145082a5a6adf08fa281e54",
        "sha256:3dd4952748521205697bc2802e4afac5ed4b02909bb799ba1fe239f77fd4e117",
        "sha256:3f24df7124c323fceb53ff6168da70dbfbae1442b4f3da439cd441681f54fe25",
        "sha256:469e2407e0fe9880ac690a3666f03eb4c3c444411a5a5fddfdabc5d184a79f05",
        "sha256:4de4bc9b6d35c5af65b454d3e9bc98c50eb3960d5a3762c9438df57427134b8e",
        "sha256:5208ebd5152e040640518a77827bdfcc73773a15a33d6644015b763b9c9febc1",
        "sha256:52de7fc6c21b419078008f697fd4103dbc763288b1406b4562554bd47514c004",
        "sha256:5bb3489b4558e49ad2c5118137cfeaf59434f9737fa9c5deefc72d22c23822e2",
        "sha256:5dba5f530fec3f0988d83b78cc591b58c0b6eb8431a85edd1569a0539a8a5a0e",
        "sha256:5dd9ca406499444f4c8299f803d4a14edf7890ecc595c8b1c7115c2342cadc5f",
        "sha256:5f931a1c21dfa7a9c573ec1f50a31135ccce84e32507c54e1ea404894c5eb96f",
        "sha256:63b82bb63de7c821428d513607e84c6d97d58afd1fe2eb645030bdc185440120",
        "sha256:66c0061c91b3b9cf542131148ef7ecbecb2690d48d1612ec386de9d36766058f",
        "sha256:6f0c02cbb9691b7c91d5009108f975f8ffeab5dff8f26d62e21c493060eff2a1",
        "sha256:71aace0c42d53abe6fc7f726c5d3b60d90f3c5c055a447950ad6ea9cec2e37d9",
        "sha256:7d97a4306898b05404a0dcdc32d9709b7d8832c0c542b861d9a826301719794e",
        "sha256:7df1e1c05304f26faa49fa752a8c690126cf98b40b91d54e6e9cc3b7d6ffe8b7",
        "sha256:8270252effc60b9642b423189a2fe90eb6b59e87cbee54549db3f5562ff8d1b8",
        "sha256:867a5ad16892bf20e6c4ea2aab1971f45645ff3102ad29bd84c86027fa99997b",
        "sha256:877473e675fdcc113c138813a5dd440da0769a2d81f4d86614e5d62b69497155",
        "sha256:8892f89999ffd992208754851e5a052f6b5db70a1e3f7d54b17c5211e37a98c7",
        "sha256:9a9845c4c6bb56e508651f005c4aeb0404e518c6f000d5a1123ab077ab769f5c",
        "sha256:a1e6e96217a0f72e2b8629e271e1b280c6fa3fe6e59fa8f6701bec14e3354325",
        "sha256:a8156e6a7f5e2a0ff0c5b21d6bcb45145efece1909efcbbbf48c56f8da68221d",
        "sha256:a9506a7e80bcf6eacfff7f804c0ad5350c8c95b9010e4356a4b36f5322f09abb",
        "sha256:af310ec8335016b5e52cae60cda4a4f2a60a788cbb949a4fbea13d441aa5a09e",
        "sha256:b0297b1e05fd128d26cc2460c810d42e205d16d76799526dfa8c8ccd50e74959",
        "sha256:bf68f4b2b6683e52bec69273562df15af352e5ed25d1b6641e7efddc5951d1a7",
        "sha256:d0c1bc2fa9a7285719e5678584f6b92572a5b639d0e471bb8d4b650a1a910920",
        "sha256:d4d9d6c1a455d4babd320203b918ccc7fcbefe308615c521062bc2ba1aa4d26e",
        "sha256:db1fa631737dab9fa0b37f3979d8d2631e348c3b4e8325d6873c2541d0ae5a48",
        "sha256:dd93ea5c0c7f3e25335ab7d22a507b1dc43976e1345508f845efc573d3d779d8",
        "sha256:f44e517131a98f7a76696a7b21b164bcb85291cee106a23beccce454e1f433a4",
        "sha256:f7ee479e96f7ee350db1cf24afa5685a5899e2b34992fb99e1f7c1b0b758d263"
      ],
      "markers": "python_version >= '2.7' and python_version not in '3.0, 3.1, 3.2, 3.3, 3.4'",
      "version": "==5.4.0"
    }
  },
  "develop": {}
}
